
Microsoft Visual Studio Solution File, Format Version 12.00
# Visual Studio Version 17
VisualStudioVersion = 17.5.33516.290
MinimumVisualStudioVersion = 10.0.40219.1
Project("{9A19103F-16F7-4668-BE54-9A1E7A4F7556}") = "AnalogTimer", "AnalogTimer\AnalogTimer.csproj", "{AA8D0C7A-C062-49E7-98CB-3117872DF518}"
EndProject
Project("{9A19103F-16F7-4668-BE54-9A1E7A4F7556}") = "WinApplication", "WinApplication\WinApplication.csproj", "{B35F8D90-4209-4F66-8D3D-638D0D96C889}"
EndProject
Project("{9A19103F-16F7-4668-BE54-9A1E7A4F7556}") = "TimerEngine", "TimerEngine\TimerEngine.csproj", "{6F9013EE-1526-404B-B33B-856215021ABB}"
EndProject
Project("{9A19103F-16F7-4668-BE54-9A1E7A4F7556}") = "RunningLineEngine", "RunningLineEngine\RunningLineEngine.csproj", "{EA26B90A-1626-4CCC-BF2E-FBE526105691}"
EndProject
Project("{9A19103F-16F7-4668-BE54-9A1E7A4F7556}") = "MatrixDisplayEngine", "MatrixDisplayEngine\MatrixDisplayEngine.csproj", "{0D88BE47-FFD4-4BA9-9596-D17776DF37E6}"
EndProject
Project("{FAE04EC0-301F-11D3-BF4B-00C04F79EFBC}") = "ConsoleOutputEngine", "ConsoleOutputEngine\ConsoleOutputEngine.csproj", "{DC297491-2F7B-41B3-9474-518CC498CAE5}"
EndProject
Project("{FAE04EC0-301F-11D3-BF4B-00C04F79EFBC}") = "RunningLine", "RunningLine\RunningLine.csproj", "{409EDDA2-864F-4046-9133-B0F1E57A9770}"
EndProject
Project("{FAE04EC0-301F-11D3-BF4B-00C04F79EFBC}") = "ConsoleApplicationBuilder", "ConsoleApplicationBuilder\ConsoleApplicationBuilder.csproj", "{B2FD539B-31A9-43FD-BA08-470122417748}"
EndProject
Global
	GlobalSection(SolutionConfigurationPlatforms) = preSolution
		Debug|Any CPU = Debug|Any CPU
		Release|Any CPU = Release|Any CPU
	EndGlobalSection
	GlobalSection(ProjectConfigurationPlatforms) = postSolution
		{AA8D0C7A-C062-49E7-98CB-3117872DF518}.Debug|Any CPU.ActiveCfg = Debug|Any CPU
		{AA8D0C7A-C062-49E7-98CB-3117872DF518}.Debug|Any CPU.Build.0 = Debug|Any CPU
		{AA8D0C7A-C062-49E7-98CB-3117872DF518}.Release|Any CPU.ActiveCfg = Release|Any CPU
		{AA8D0C7A-C062-49E7-98CB-3117872DF518}.Release|Any CPU.Build.0 = Release|Any CPU
		{B35F8D90-4209-4F66-8D3D-638D0D96C889}.Debug|Any CPU.ActiveCfg = Debug|Any CPU
		{B35F8D90-4209-4F66-8D3D-638D0D96C889}.Debug|Any CPU.Build.0 = Debug|Any CPU
		{B35F8D90-4209-4F66-8D3D-638D0D96C889}.Release|Any CPU.ActiveCfg = Release|Any CPU
		{B35F8D90-4209-4F66-8D3D-638D0D96C889}.Release|Any CPU.Build.0 = Release|Any CPU
		{6F9013EE-1526-404B-B33B-856215021ABB}.Debug|Any CPU.ActiveCfg = Debug|Any CPU
		{6F9013EE-1526-404B-B33B-856215021ABB}.Debug|Any CPU.Build.0 = Debug|Any CPU
		{6F9013EE-1526-404B-B33B-856215021ABB}.Release|Any CPU.ActiveCfg = Release|Any CPU
		{6F9013EE-1526-404B-B33B-856215021ABB}.Release|Any CPU.Build.0 = Release|Any CPU
		{EA26B90A-1626-4CCC-BF2E-FBE526105691}.Debug|Any CPU.ActiveCfg = Debug|Any CPU
		{EA26B90A-1626-4CCC-BF2E-FBE526105691}.Debug|Any CPU.Build.0 = Debug|Any CPU
		{EA26B90A-1626-4CCC-BF2E-FBE526105691}.Release|Any CPU.ActiveCfg = Release|Any CPU
		{EA26B90A-1626-4CCC-BF2E-FBE526105691}.Release|Any CPU.Build.0 = Release|Any CPU
		{0D88BE47-FFD4-4BA9-9596-D17776DF37E6}.Debug|Any CPU.ActiveCfg = Debug|Any CPU
		{0D88BE47-FFD4-4BA9-9596-D17776DF37E6}.Debug|Any CPU.Build.0 = Debug|Any CPU
		{0D88BE47-FFD4-4BA9-9596-D17776DF37E6}.Release|Any CPU.ActiveCfg = Release|Any CPU
		{0D88BE47-FFD4-4BA9-9596-D17776DF37E6}.Release|Any CPU.Build.0 = Release|Any CPU
		{DC297491-2F7B-41B3-9474-518CC498CAE5}.Debug|Any CPU.ActiveCfg = Debug|Any CPU
		{DC297491-2F7B-41B3-9474-518CC498CAE5}.Debug|Any CPU.Build.0 = Debug|Any CPU
		{DC297491-2F7B-41B3-9474-518CC498CAE5}.Release|Any CPU.ActiveCfg = Release|Any CPU
		{DC297491-2F7B-41B3-9474-518CC498CAE5}.Release|Any CPU.Build.0 = Release|Any CPU
		{409EDDA2-864F-4046-9133-B0F1E57A9770}.Debug|Any CPU.ActiveCfg = Debug|Any CPU
		{409EDDA2-864F-4046-9133-B0F1E57A9770}.Debug|Any CPU.Build.0 = Debug|Any CPU
		{409EDDA2-864F-4046-9133-B0F1E57A9770}.Release|Any CPU.ActiveCfg = Release|Any CPU
		{409EDDA2-864F-4046-9133-B0F1E57A9770}.Release|Any CPU.Build.0 = Release|Any CPU
		{B2FD539B-31A9-43FD-BA08-470122417748}.Debug|Any CPU.ActiveCfg = Debug|Any CPU
		{B2FD539B-31A9-43FD-BA08-470122417748}.Debug|Any CPU.Build.0 = Debug|Any CPU
		{B2FD539B-31A9-43FD-BA08-470122417748}.Release|Any CPU.ActiveCfg = Release|Any CPU
		{B2FD539B-31A9-43FD-BA08-470122417748}.Release|Any CPU.Build.0 = Release|Any CPU
	EndGlobalSection
	GlobalSection(SolutionProperties) = preSolution
		HideSolutionNode = FALSE
	EndGlobalSection
	GlobalSection(ExtensibilityGlobals) = postSolution
		SolutionGuid = {F483E6A2-E33B-4555-B621-70011872957D}
	EndGlobalSection
EndGlobal
